
Microsoft Visual Studio Solution File, Format Version 12.00
# Visual Studio Version 17
VisualStudioVersion = 17.10.35013.160
MinimumVisualStudioVersion = 10.0.40219.1
Project("{FAE04EC0-301F-11D3-BF4B-00C04F79EFBC}") = "chipicha", "chipicha\chipicha.csproj", "{1E83CB4E-B258-4410-BE7C-E8BDACF8BE37}"
EndProject
Global
	GlobalSection(SolutionConfigurationPlatforms) = preSolution
		Debug|Any CPU = Debug|Any CPU
		Release|Any CPU = Release|Any CPU
	EndGlobalSection
	GlobalSection(ProjectConfigurationPlatforms) = postSolution
		{1E83CB4E-B258-4410-BE7C-E8BDACF8BE37}.Debug|Any CPU.ActiveCfg = Debug|Any CPU
		{1E83CB4E-B258-4410-BE7C-E8BDACF8BE37}.Debug|Any CPU.Build.0 = Debug|Any CPU
		{1E83CB4E-B258-4410-BE7C-E8BDACF8BE37}.Release|Any CPU.ActiveCfg = Release|Any CPU
		{1E83CB4E-B258-4410-BE7C-E8BDACF8BE37}.Release|Any CPU.Build.0 = Release|Any CPU
	EndGlobalSection
	GlobalSection(SolutionProperties) = preSolution
		HideSolutionNode = FALSE
	EndGlobalSection
	GlobalSection(ExtensibilityGlobals) = postSolution
		SolutionGuid = {D305652C-C378-4A09-82D3-5A2C38C8842F}
	EndGlobalSection
EndGlobal
